
Microsoft Visual Studio Solution File, Format Version 12.00
# Visual Studio Version 17
VisualStudioVersion = 17.11.35219.272
MinimumVisualStudioVersion = 10.0.40219.1
Project("{2150E333-8FDC-42A3-9474-1A3956D46DE8}") = "FrontEnd", "FrontEnd", "{8EB3BF41-C4CE-4057-9A5D-C413D0B0A1CF}"
EndProject
Project("{2150E333-8FDC-42A3-9474-1A3956D46DE8}") = "Gateway", "Gateway", "{A030D768-B14D-4249-86EE-FBEA31C995FF}"
EndProject
Project("{2150E333-8FDC-42A3-9474-1A3956D46DE8}") = "Integration", "Integration", "{8E15B76B-4597-4346-9019-651AC34A070E}"
EndProject
Project("{2150E333-8FDC-42A3-9474-1A3956D46DE8}") = "Services", "Services", "{FE4AAAA6-9231-473A-9B54-194ADCEBAC36}"
EndProject
Project("{FAE04EC0-301F-11D3-BF4B-00C04F79EFBC}") = "Tasko.Services.CouponApi", "Tasko.Services.CouponApi\Tasko.Services.CouponApi.csproj", "{5DF38D0F-6E47-4AC5-81E7-D336C5D2B0C7}"
EndProject
Global
	GlobalSection(SolutionConfigurationPlatforms) = preSolution
		Debug|Any CPU = Debug|Any CPU
		Release|Any CPU = Release|Any CPU
	EndGlobalSection
	GlobalSection(ProjectConfigurationPlatforms) = postSolution
		{5DF38D0F-6E47-4AC5-81E7-D336C5D2B0C7}.Debug|Any CPU.ActiveCfg = Debug|Any CPU
		{5DF38D0F-6E47-4AC5-81E7-D336C5D2B0C7}.Debug|Any CPU.Build.0 = Debug|Any CPU
		{5DF38D0F-6E47-4AC5-81E7-D336C5D2B0C7}.Release|Any CPU.ActiveCfg = Release|Any CPU
		{5DF38D0F-6E47-4AC5-81E7-D336C5D2B0C7}.Release|Any CPU.Build.0 = Release|Any CPU
	EndGlobalSection
	GlobalSection(SolutionProperties) = preSolution
		HideSolutionNode = FALSE
	EndGlobalSection
	GlobalSection(NestedProjects) = preSolution
		{5DF38D0F-6E47-4AC5-81E7-D336C5D2B0C7} = {FE4AAAA6-9231-473A-9B54-194ADCEBAC36}
	EndGlobalSection
	GlobalSection(ExtensibilityGlobals) = postSolution
		SolutionGuid = {B1F72308-26ED-490D-A6A9-E37A0E5030B5}
	EndGlobalSection
EndGlobal
